
Microsoft Visual Studio Solution File, Format Version 12.00
# Visual Studio 15
VisualStudioVersion = 15.0.27428.2037
MinimumVisualStudioVersion = 10.0.40219.1
Project("{FAE04EC0-301F-11D3-BF4B-00C04F79EFBC}") = "HelloServiceLibrary", "HelloServiceLibrary\HelloServiceLibrary.csproj", "{0B1B43C1-C4A4-42B3-9DA3-00FFA7DFA18F}"
EndProject
Project("{FAE04EC0-301F-11D3-BF4B-00C04F79EFBC}") = "HelloServiceProvider", "HelloServiceProvider\HelloServiceProvider.csproj", "{C4219D92-E79B-48FD-98B9-B9E49097C56A}"
EndProject
Global
	GlobalSection(SolutionConfigurationPlatforms) = preSolution
		Debug|Any CPU = Debug|Any CPU
		Release|Any CPU = Release|Any CPU
	EndGlobalSection
	GlobalSection(ProjectConfigurationPlatforms) = postSolution
		{0B1B43C1-C4A4-42B3-9DA3-00FFA7DFA18F}.Debug|Any CPU.ActiveCfg = Debug|Any CPU
		{0B1B43C1-C4A4-42B3-9DA3-00FFA7DFA18F}.Debug|Any CPU.Build.0 = Debug|Any CPU
		{0B1B43C1-C4A4-42B3-9DA3-00FFA7DFA18F}.Release|Any CPU.ActiveCfg = Release|Any CPU
		{0B1B43C1-C4A4-42B3-9DA3-00FFA7DFA18F}.Release|Any CPU.Build.0 = Release|Any CPU
		{C4219D92-E79B-48FD-98B9-B9E49097C56A}.Debug|Any CPU.ActiveCfg = Debug|Any CPU
		{C4219D92-E79B-48FD-98B9-B9E49097C56A}.Debug|Any CPU.Build.0 = Debug|Any CPU
		{C4219D92-E79B-48FD-98B9-B9E49097C56A}.Release|Any CPU.ActiveCfg = Release|Any CPU
		{C4219D92-E79B-48FD-98B9-B9E49097C56A}.Release|Any CPU.Build.0 = Release|Any CPU
	EndGlobalSection
	GlobalSection(SolutionProperties) = preSolution
		HideSolutionNode = FALSE
	EndGlobalSection
	GlobalSection(ExtensibilityGlobals) = postSolution
		SolutionGuid = {DAD0473E-0156-4ED0-A378-B86F281F959D}
	EndGlobalSection
EndGlobal
